# This file is automatically @generated by Poetry 2.2.1 and should not be changed by hand.

[[package]]
name = "ecdsa"
version = "0.18.0"
description = "ECDSA cryptographic signature library (pure python)"
optional = false
python-versions = ">=2.6, !=3.0.*, !=3.1.*, !=3.2.*"
groups = ["main"]
files = [
    {file = "ecdsa-0.18.0-py2.py3-none-any.whl", hash = "sha256:80600258e7ed2f16b9aa1d7c295bd70194109ad5a30fdee0eaeefef1d4c559dd"},
    {file = "ecdsa-0.18.0.tar.gz", hash = "sha256:190348041559e21b22a1d65cee485282ca11a6f81d503fddb84d5017e9ed1e49"},
]

[package.dependencies]
six = ">=1.9.0"

[package.extras]
gmpy = ["gmpy"]
gmpy2 = ["gmpy2"]

[[package]]
name = "fast-stark-crypto"
version = "0.1.0"
description = ""
optional = false
python-versions = ">=3.9"
groups = ["main"]
files = [
    {file = "fast_stark_crypto-0.1.0-cp310-cp310-macosx_11_0_arm64.whl", hash = "sha256:c514dadde060d52ad75f6948d034d32e2bc399d279e5d6218817528f85f6d0c7"},
    {file = "fast_stark_crypto-0.1.0-cp310-cp310-manylinux_2_17_aarch64.manylinux2014_aarch64.whl", hash = "sha256:325e99e77bf1835321b2be895be999addce4eed627ee9c1d2973fdac2a016610"},
    {file = "fast_stark_crypto-0.1.0-cp310-cp310-manylinux_2_17_x86_64.manylinux2014_x86_64.whl", hash = "sha256:6ec29d6b4946d32e091dd603a84be965eb2e7ba5ee5e352964e0dd09e9fde57d"},
    {file = "fast_stark_crypto-0.1.0-cp310-cp310-manylinux_2_24_aarch64.whl", hash = "sha256:436c293ad774f6a19ecc8dbe759a23df8afd37e568699727413f8c7e350bb8a1"},
    {file = "fast_stark_crypto-0.1.0-cp310-cp310-musllinux_1_2_aarch64.whl", hash = "sha256:6f4d0a96eae1697ab51373147fe3d93a05336a2c16b4602ddc03eb57d3fb4a15"},
    {file = "fast_stark_crypto-0.1.0-cp310-cp310-musllinux_1_2_x86_64.whl", hash = "sha256:90f50788bdf0a514c28b941d15a593c5a69175677c73e5d82ae06f03808c4674"},
    {file = "fast_stark_crypto-0.1.0-cp310-cp310-win_amd64.whl", hash = "sha256:7c71db4d140738f06766e9d4516f6ae55530bf46feb69f4cd1fbd747064da5c9"},
    {file = "fast_stark_crypto-0.1.0-cp311-cp311-macosx_11_0_arm64.whl", hash = "sha256:1c78896031a2d30cdbc3710adfa2abbaa9fb685032236eb98784880e7f8b4f37"},
    {file = "fast_stark_crypto-0.1.0-cp311-cp311-manylinux_2_17_aarch64.manylinux2014_aarch64.whl", hash = "sha256:51de43c40b96cf3a19ac47e871f44bee53fe30a7577bb399df801882ad232d83"},
    {file = "fast_stark_crypto-0.1.0-cp311-cp311-manylinux_2_17_x86_64.manylinux2014_x86_64.whl", hash = "sha256:20c1365bd1c7b0adc9469b0113ee416a02c7fffe2a1a24da4739a304313fee1e"},
    {file = "fast_stark_crypto-0.1.0-cp311-cp311-manylinux_2_24_aarch64.whl", hash = "sha256:eb0e75302aa940467e6583ddb0a3337138b483a4e0656c4449915f50aeadf096"},
    {file = "fast_stark_crypto-0.1.0-cp311-cp311-musllinux_1_2_aarch64.whl", hash = "sha256:419004c735be84ca3f1518712f0048d063ab6ba8016eb2fd0b62767d6f26e4ff"},
    {file = "fast_stark_crypto-0.1.0-cp311-cp311-musllinux_1_2_x86_64.whl", hash = "sha256:5573f5e0bb05ba783e4d5a107dca71333df0940599776f933bf37e29ccbfc4b9"},
    {file = "fast_stark_crypto-0.1.0-cp311-cp311-win_amd64.whl", hash = "sha256:d545afa27f3ecc0a0e73e68c49b6af1f92c96fca94ab8a05e4597fca38e27c59"},
    {file = "fast_stark_crypto-0.1.0-cp312-cp312-macosx_11_0_arm64.whl", hash = "sha256:418253a38b3e734951435c0199f1feef82a0855134029829f36c68a3569e674c"},
    {file = "fast_stark_crypto-0.1.0-cp312-cp312-manylinux_2_17_aarch64.manylinux2014_aarch64.whl", hash = "sha256:d751fac4c7365f067a803f5d5388b581d0556c9cdc79f52327068fccdb1b4f8d"},
    {file = "fast_stark_crypto-0.1.0-cp312-cp312-manylinux_2_17_x86_64.manylinux2014_x86_64.whl", hash = "sha256:708116c07979a189c2d40ef4bb5e924117936a6b9b0c1359dd4e04b134b1140d"},
    {file = "fast_stark_crypto-0.1.0-cp312-cp312-manylinux_2_24_aarch64.whl", hash = "sha256:252b2d2953b74607d54bcba3f493e0ba3aac9c86ad4ed5be536642194880213c"},
    {file = "fast_stark_crypto-0.1.0-cp312-cp312-musllinux_1_2_aarch64.whl", hash = "sha256:1911f07b42dc29b7075acfb63df4be9bff47f35c926b2c5b79d6cee1e5bec80f"},
    {file = "fast_stark_crypto-0.1.0-cp312-cp312-musllinux_1_2_x86_64.whl", hash = "sha256:4c949ad63bafae4a42ce3fcb5c03c6ed3908bac85e08a8111243d093e21a5d01"},
    {file = "fast_stark_crypto-0.1.0-cp312-cp312-win_amd64.whl", hash = "sha256:0de28226611e9cd6e13861ec74db624b30f6d89f9f9c4dba489b9bd57170643e"},
    {file = "fast_stark_crypto-0.1.0-cp313-cp313-macosx_11_0_arm64.whl", hash = "sha256:b80e729e40f5731d2ad8d252d030a070d6d5937642e824f5cccdd461eb74e4b1"},
    {file = "fast_stark_crypto-0.1.0-cp313-cp313-manylinux_2_17_x86_64.manylinux2014_x86_64.whl", hash = "sha256:1e8899676ae460beb5f384c003e24214a15727edfbeb98ca27884b6e25bae88a"},
    {file = "fast_stark_crypto-0.1.0-cp313-cp313-manylinux_2_24_aarch64.whl", hash = "sha256:e205d1e042b90f4b5b44769ade1bbf0d53c60e794c9d529db1bd36699669f154"},
    {file = "fast_stark_crypto-0.1.0-cp313-cp313-musllinux_1_2_aarch64.whl", hash = "sha256:aa6564db961a37f4170f92bf3cbfb9d8d1dba5c3c03de019d405f72665738813"},
    {file = "fast_stark_crypto-0.1.0-cp313-cp313-musllinux_1_2_x86_64.whl", hash = "sha256:65276a4ab70b3e2f434a38157d4c5908a6041dda7b51f822a0d5fa7ee7f27a76"},
    {file = "fast_stark_crypto-0.1.0-cp313-cp313-win_amd64.whl", hash = "sha256:113d68966cae11ec645bf31c8930220a0b4d3389b53ee24a7971d89590a55caa"},
    {file = "fast_stark_crypto-0.1.0-cp37-cp37m-manylinux_2_17_x86_64.manylinux2014_x86_64.whl", hash = "sha256:eafa0151db30963a4741efc6559558a4233ca521e166efb9504dbaaca2fab44e"},
    {file = "fast_stark_crypto-0.1.0-cp38-cp38-manylinux_2_17_x86_64.manylinux2014_x86_64.whl", hash = "sha256:57473766b45f5efa0030fe429f20718da46712b75e264e01737f439a8a354fda"},
    {file = "fast_stark_crypto-0.1.0-cp39-cp39-macosx_11_0_arm64.whl", hash = "sha256:4bab3972710851587a053a44887d1afebf510588376dd4e1923621448252b564"},
    {file = "fast_stark_crypto-0.1.0-cp39-cp39-manylinux_2_17_aarch64.manylinux2014_aarch64.whl", hash = "sha256:d5be90d0f4051043430eea28da20e6e203ecf3176b61e5646e3bf99054bc45e7"},
    {file = "fast_stark_crypto-0.1.0-cp39-cp39-manylinux_2_17_x86_64.manylinux2014_x86_64.whl", hash = "sha256:cd7112d1f205b8fdbc22f697b2d010525f9b5c104d7297e6d88d93d84409ab1a"},
    {file = "fast_stark_crypto-0.1.0-cp39-cp39-manylinux_2_24_aarch64.whl", hash = "sha256:035d1bb0a3316e3fd28036bacbee8439e6baf7f1c3eba0de17e5c56c193177c8"},
    {file = "fast_stark_crypto-0.1.0-cp39-cp39-musllinux_1_2_aarch64.whl", hash = "sha256:b77de47b60ce00cc99a9d431536f003032ab3f813979193f0f92c411014ff5b2"},
    {file = "fast_stark_crypto-0.1.0-cp39-cp39-musllinux_1_2_x86_64.whl", hash = "sha256:17b916d0cac8335cc78253476b53e16f98e9768905cef95e38536080efebccc0"},
    {file = "fast_stark_crypto-0.1.0-cp39-cp39-win_amd64.whl", hash = "sha256:da5b3f81a561a6fb16c0ec93104fdcf7478ea1bb3e2c79b06e8dd3f4d5d67dcc"},
    {file = "fast_stark_crypto-0.1.0-pp310-pypy310_pp73-musllinux_1_2_aarch64.whl", hash = "sha256:c940f09a63f69aa5f9bf0d978bd952da93debccbfda48b6ed28b4d4f403b7470"},
    {file = "fast_stark_crypto-0.1.0-pp310-pypy310_pp73-musllinux_1_2_x86_64.whl", hash = "sha256:011c6cc10e8c489c8ecca954e639606293591a0133af4de60808aa21567ccc21"},
    {file = "fast_stark_crypto-0.1.0-pp311-pypy311_pp73-musllinux_1_2_aarch64.whl", hash = "sha256:ab1c730a0b46743b242ba7d11754990adb3c3c1e827d11b937261164c6b4d07f"},
    {file = "fast_stark_crypto-0.1.0-pp311-pypy311_pp73-musllinux_1_2_x86_64.whl", hash = "sha256:962851bd516394b1be1a2df6c91176e9994f757fcb8e5cb18321ff365cf9eefb"},
    {file = "fast_stark_crypto-0.1.0-pp39-pypy39_pp73-musllinux_1_2_aarch64.whl", hash = "sha256:6eca878bfd7b96304834dc2e4069b6ca9e3d9a295d465e639bcdaefd14795b9c"},
    {file = "fast_stark_crypto-0.1.0-pp39-pypy39_pp73-musllinux_1_2_x86_64.whl", hash = "sha256:662deacd1e182739ca8a689cebfea7cdd3869d36d2d4278af649e2b708f28726"},
    {file = "fast_stark_crypto-0.1.0.tar.gz", hash = "sha256:32bc9db69a1601c14dd3db70112db788f32694734811b507672613e8c8ddd09b"},
]

[[package]]
name = "mpmath"
version = "1.3.0"
description = "Python library for arbitrary-precision floating-point arithmetic"
optional = false
python-versions = "*"
groups = ["main"]
files = [
    {file = "mpmath-1.3.0-py3-none-any.whl", hash = "sha256:a0b2b9fe80bbcd81a6647ff13108738cfb482d481d826cc0e02f5b35e5c88d2c"},
    {file = "mpmath-1.3.0.tar.gz", hash = "sha256:7a28eb2a9774d00c7bc92411c19a89209d5da7c4c9a9e227be8330a23a25b91f"},
]

[package.extras]
develop = ["codecov", "pycodestyle", "pytest (>=4.6)", "pytest-cov", "wheel"]
docs = ["sphinx"]
gmpy = ["gmpy2 (>=2.1.0a4) ; platform_python_implementation != \"PyPy\""]
tests = ["pytest (>=4.6)"]

[[package]]
name = "six"
version = "1.17.0"
description = "Python 2 and 3 compatibility utilities"
optional = false
python-versions = "!=3.0.*,!=3.1.*,!=3.2.*,>=2.7"
groups = ["main"]
files = [
    {file = "six-1.17.0-py2.py3-none-any.whl", hash = "sha256:4721f391ed90541fddacab5acf947aa0d3dc7d27b2e1e8eda2be8970586c3274"},
    {file = "six-1.17.0.tar.gz", hash = "sha256:ff70335d468e7eb6ec65b95b99d3a2836546063f63acc5171de367e834932a81"},
]

[[package]]
name = "sympy"
version = "1.12"
description = "Computer algebra system (CAS) in Python"
optional = false
python-versions = ">=3.8"
groups = ["main"]
files = [
    {file = "sympy-1.12-py3-none-any.whl", hash = "sha256:c3588cd4295d0c0f603d0f2ae780587e64e2efeedb3521e46b9bb1d08d184fa5"},
    {file = "sympy-1.12.tar.gz", hash = "sha256:ebf595c8dac3e0fdc4152c51878b498396ec7f30e7a914d6071e674d49420fb8"},
]

[package.dependencies]
mpmath = ">=0.19"

[metadata]
lock-version = "2.1"
python-versions = "^3.10"
content-hash = "af2d1eac0f7a6d165fe79f21b06922eb9c69a6640ff8b72d4e4a05ddaab5b53e"
